Microsoft Visual Studio Solution File, Format Version 11.00
# Visual Studio 2010
Project("{8BC9CEB8-8B4A-11D0-8D11-00A0C91BC942}") = "ALL_BUILD", ".\ALL_BUILD.vcxproj", "{02EFB874-3796-46CE-9029-D821B868822C}"
	ProjectSection(ProjectDependencies) = postProject
		{588D7A54-4C0F-4B3C-A227-57E860914E42} = {588D7A54-4C0F-4B3C-A227-57E860914E42}
		{2A9C2591-0C9A-4FA3-B37C-79202446A785} = {2A9C2591-0C9A-4FA3-B37C-79202446A785}
		{CE7DFF17-695F-4AEC-BAF6-A7DB26EF0671} = {CE7DFF17-695F-4AEC-BAF6-A7DB26EF0671}
		{95C494C3-3A2A-45EB-B300-3ED0331F9A49} = {95C494C3-3A2A-45EB-B300-3ED0331F9A49}
		{381CB373-1C37-44D2-9F2F-CD8038EFE445} = {381CB373-1C37-44D2-9F2F-CD8038EFE445}
		{54D4BD11-0A4F-4845-B5BF-66D55084C4E4} = {54D4BD11-0A4F-4845-B5BF-66D55084C4E4}
		{C60D7B54-BA34-44D2-9306-3BE390AD4779} = {C60D7B54-BA34-44D2-9306-3BE390AD4779}
		{2BA038A0-1D03-447E-B7D8-6C414096DD53} = {2BA038A0-1D03-447E-B7D8-6C414096DD53}
		{1FB9328E-9FF1-4BC5-9895-E1B67D388212} = {1FB9328E-9FF1-4BC5-9895-E1B67D388212}
		{3DE84534-F632-46D4-9D37-DB8306C2B180} = {3DE84534-F632-46D4-9D37-DB8306C2B180}
		{7B0CEEF8-414D-4973-ADC3-4189F522A98C} = {7B0CEEF8-414D-4973-ADC3-4189F522A98C}
		{D5F98138-137B-4A8F-9E42-A9FF829217D1} = {D5F98138-137B-4A8F-9E42-A9FF829217D1}
		{91921575-FEC9-476F-93AC-31841B104C74} = {91921575-FEC9-476F-93AC-31841B104C74}
	EndProjectSection
EndProject
Project("{8BC9CEB8-8B4A-11D0-8D11-00A0C91BC942}") = "INSTALL", ".\INSTALL.vcxproj", "{EBAA8841-189D-4CC4-8236-2CA9E5C4CE48}"
	ProjectSection(ProjectDependencies) = postProject
		{02EFB874-3796-46CE-9029-D821B868822C} = {02EFB874-3796-46CE-9029-D821B868822C}
	EndProjectSection
EndProject
Project("{8BC9CEB8-8B4A-11D0-8D11-00A0C91BC942}") = "ZERO_CHECK", ".\ZERO_CHECK.vcxproj", "{588D7A54-4C0F-4B3C-A227-57E860914E42}"
	ProjectSection(ProjectDependencies) = postProject
	EndProjectSection
EndProject
Project("{8BC9CEB8-8B4A-11D0-8D11-00A0C91BC942}") = "ace", "dep\acelite\ace\ace.vcxproj", "{2A9C2591-0C9A-4FA3-B37C-79202446A785}"
	ProjectSection(ProjectDependencies) = postProject
		{588D7A54-4C0F-4B3C-A227-57E860914E42} = {588D7A54-4C0F-4B3C-A227-57E860914E42}
	EndProjectSection
EndProject
Project("{8BC9CEB8-8B4A-11D0-8D11-00A0C91BC942}") = "authserver", "src\server\authserver\authserver.vcxproj", "{CE7DFF17-695F-4AEC-BAF6-A7DB26EF0671}"
	ProjectSection(ProjectDependencies) = postProject
		{588D7A54-4C0F-4B3C-A227-57E860914E42} = {588D7A54-4C0F-4B3C-A227-57E860914E42}
		{2A9C2591-0C9A-4FA3-B37C-79202446A785} = {2A9C2591-0C9A-4FA3-B37C-79202446A785}
		{2BA038A0-1D03-447E-B7D8-6C414096DD53} = {2BA038A0-1D03-447E-B7D8-6C414096DD53}
		{1FB9328E-9FF1-4BC5-9895-E1B67D388212} = {1FB9328E-9FF1-4BC5-9895-E1B67D388212}
		{7B0CEEF8-414D-4973-ADC3-4189F522A98C} = {7B0CEEF8-414D-4973-ADC3-4189F522A98C}
		{91921575-FEC9-476F-93AC-31841B104C74} = {91921575-FEC9-476F-93AC-31841B104C74}
	EndProjectSection
EndProject
Project("{8BC9CEB8-8B4A-11D0-8D11-00A0C91BC942}") = "collision", "src\server\collision\collision.vcxproj", "{95C494C3-3A2A-45EB-B300-3ED0331F9A49}"
	ProjectSection(ProjectDependencies) = postProject
		{588D7A54-4C0F-4B3C-A227-57E860914E42} = {588D7A54-4C0F-4B3C-A227-57E860914E42}
	EndProjectSection
EndProject
Project("{8BC9CEB8-8B4A-11D0-8D11-00A0C91BC942}") = "g3dlib", "dep\g3dlite\g3dlib.vcxproj", "{381CB373-1C37-44D2-9F2F-CD8038EFE445}"
	ProjectSection(ProjectDependencies) = postProject
		{588D7A54-4C0F-4B3C-A227-57E860914E42} = {588D7A54-4C0F-4B3C-A227-57E860914E42}
	EndProjectSection
EndProject
Project("{8BC9CEB8-8B4A-11D0-8D11-00A0C91BC942}") = "game", "src\server\game\game.vcxproj", "{54D4BD11-0A4F-4845-B5BF-66D55084C4E4}"
	ProjectSection(ProjectDependencies) = postProject
		{588D7A54-4C0F-4B3C-A227-57E860914E42} = {588D7A54-4C0F-4B3C-A227-57E860914E42}
		{1FB9328E-9FF1-4BC5-9895-E1B67D388212} = {1FB9328E-9FF1-4BC5-9895-E1B67D388212}
	EndProjectSection
EndProject
Project("{8BC9CEB8-8B4A-11D0-8D11-00A0C91BC942}") = "gsoap", "dep\gsoap\gsoap.vcxproj", "{C60D7B54-BA34-44D2-9306-3BE390AD4779}"
	ProjectSection(ProjectDependencies) = postProject
		{588D7A54-4C0F-4B3C-A227-57E860914E42} = {588D7A54-4C0F-4B3C-A227-57E860914E42}
	EndProjectSection
EndProject
Project("{8BC9CEB8-8B4A-11D0-8D11-00A0C91BC942}") = "libmysql", "dep\mysqllite\libmysql.vcxproj", "{2BA038A0-1D03-447E-B7D8-6C414096DD53}"
	ProjectSection(ProjectDependencies) = postProject
		{588D7A54-4C0F-4B3C-A227-57E860914E42} = {588D7A54-4C0F-4B3C-A227-57E860914E42}
		{91921575-FEC9-476F-93AC-31841B104C74} = {91921575-FEC9-476F-93AC-31841B104C74}
	EndProjectSection
EndProject
Project("{8BC9CEB8-8B4A-11D0-8D11-00A0C91BC942}") = "revision.h", "src\genrev\revision.h.vcxproj", "{1FB9328E-9FF1-4BC5-9895-E1B67D388212}"
	ProjectSection(ProjectDependencies) = postProject
		{588D7A54-4C0F-4B3C-A227-57E860914E42} = {588D7A54-4C0F-4B3C-A227-57E860914E42}
	EndProjectSection
EndProject
Project("{8BC9CEB8-8B4A-11D0-8D11-00A0C91BC942}") = "scripts", "src\server\scripts\scripts.vcxproj", "{3DE84534-F632-46D4-9D37-DB8306C2B180}"
	ProjectSection(ProjectDependencies) = postProject
		{588D7A54-4C0F-4B3C-A227-57E860914E42} = {588D7A54-4C0F-4B3C-A227-57E860914E42}
		{1FB9328E-9FF1-4BC5-9895-E1B67D388212} = {1FB9328E-9FF1-4BC5-9895-E1B67D388212}
	EndProjectSection
EndProject
Project("{8BC9CEB8-8B4A-11D0-8D11-00A0C91BC942}") = "shared", "src\server\shared\shared.vcxproj", "{7B0CEEF8-414D-4973-ADC3-4189F522A98C}"
	ProjectSection(ProjectDependencies) = postProject
		{588D7A54-4C0F-4B3C-A227-57E860914E42} = {588D7A54-4C0F-4B3C-A227-57E860914E42}
	EndProjectSection
EndProject
Project("{8BC9CEB8-8B4A-11D0-8D11-00A0C91BC942}") = "worldserver", "src\server\worldserver\worldserver.vcxproj", "{D5F98138-137B-4A8F-9E42-A9FF829217D1}"
	ProjectSection(ProjectDependencies) = postProject
		{588D7A54-4C0F-4B3C-A227-57E860914E42} = {588D7A54-4C0F-4B3C-A227-57E860914E42}
		{2A9C2591-0C9A-4FA3-B37C-79202446A785} = {2A9C2591-0C9A-4FA3-B37C-79202446A785}
		{95C494C3-3A2A-45EB-B300-3ED0331F9A49} = {95C494C3-3A2A-45EB-B300-3ED0331F9A49}
		{381CB373-1C37-44D2-9F2F-CD8038EFE445} = {381CB373-1C37-44D2-9F2F-CD8038EFE445}
		{54D4BD11-0A4F-4845-B5BF-66D55084C4E4} = {54D4BD11-0A4F-4845-B5BF-66D55084C4E4}
		{C60D7B54-BA34-44D2-9306-3BE390AD4779} = {C60D7B54-BA34-44D2-9306-3BE390AD4779}
		{2BA038A0-1D03-447E-B7D8-6C414096DD53} = {2BA038A0-1D03-447E-B7D8-6C414096DD53}
		{1FB9328E-9FF1-4BC5-9895-E1B67D388212} = {1FB9328E-9FF1-4BC5-9895-E1B67D388212}
		{3DE84534-F632-46D4-9D37-DB8306C2B180} = {3DE84534-F632-46D4-9D37-DB8306C2B180}
		{7B0CEEF8-414D-4973-ADC3-4189F522A98C} = {7B0CEEF8-414D-4973-ADC3-4189F522A98C}
		{91921575-FEC9-476F-93AC-31841B104C74} = {91921575-FEC9-476F-93AC-31841B104C74}
	EndProjectSection
EndProject
Project("{8BC9CEB8-8B4A-11D0-8D11-00A0C91BC942}") = "zlib", "dep\zlib\zlib.vcxproj", "{91921575-FEC9-476F-93AC-31841B104C74}"
	ProjectSection(ProjectDependencies) = postProject
		{588D7A54-4C0F-4B3C-A227-57E860914E42} = {588D7A54-4C0F-4B3C-A227-57E860914E42}
	EndProjectSection
EndProject
Global
	GlobalSection(SolutionConfigurationPlatforms) = preSolution
		Debug|Win32 = Debug|Win32
		Release|Win32 = Release|Win32
		MinSizeRel|Win32 = MinSizeRel|Win32
		RelWithDebInfo|Win32 = RelWithDebInfo|Win32
	EndGlobalSection
	GlobalSection(ProjectConfigurationPlatforms) = postSolution
		{02EFB874-3796-46CE-9029-D821B868822C}.Debug|Win32.ActiveCfg = Debug|Win32
		{02EFB874-3796-46CE-9029-D821B868822C}.Debug|Win32.Build.0 = Debug|Win32
		{02EFB874-3796-46CE-9029-D821B868822C}.Release|Win32.ActiveCfg = Release|Win32
		{02EFB874-3796-46CE-9029-D821B868822C}.Release|Win32.Build.0 = Release|Win32
		{02EFB874-3796-46CE-9029-D821B868822C}.MinSizeRel|Win32.ActiveCfg = MinSizeRel|Win32
		{02EFB874-3796-46CE-9029-D821B868822C}.MinSizeRel|Win32.Build.0 = MinSizeRel|Win32
		{02EFB874-3796-46CE-9029-D821B868822C}.RelWithDebInfo|Win32.ActiveCfg = RelWithDebInfo|Win32
		{02EFB874-3796-46CE-9029-D821B868822C}.RelWithDebInfo|Win32.Build.0 = RelWithDebInfo|Win32
		{EBAA8841-189D-4CC4-8236-2CA9E5C4CE48}.Debug|Win32.ActiveCfg = Debug|Win32
		{EBAA8841-189D-4CC4-8236-2CA9E5C4CE48}.Release|Win32.ActiveCfg = Release|Win32
		{EBAA8841-189D-4CC4-8236-2CA9E5C4CE48}.MinSizeRel|Win32.ActiveCfg = MinSizeRel|Win32
		{EBAA8841-189D-4CC4-8236-2CA9E5C4CE48}.RelWithDebInfo|Win32.ActiveCfg = RelWithDebInfo|Win32
		{588D7A54-4C0F-4B3C-A227-57E860914E42}.Debug|Win32.ActiveCfg = Debug|Win32
		{588D7A54-4C0F-4B3C-A227-57E860914E42}.Debug|Win32.Build.0 = Debug|Win32
		{588D7A54-4C0F-4B3C-A227-57E860914E42}.Release|Win32.ActiveCfg = Release|Win32
		{588D7A54-4C0F-4B3C-A227-57E860914E42}.Release|Win32.Build.0 = Release|Win32
		{588D7A54-4C0F-4B3C-A227-57E860914E42}.MinSizeRel|Win32.ActiveCfg = MinSizeRel|Win32
		{588D7A54-4C0F-4B3C-A227-57E860914E42}.MinSizeRel|Win32.Build.0 = MinSizeRel|Win32
		{588D7A54-4C0F-4B3C-A227-57E860914E42}.RelWithDebInfo|Win32.ActiveCfg = RelWithDebInfo|Win32
		{588D7A54-4C0F-4B3C-A227-57E860914E42}.RelWithDebInfo|Win32.Build.0 = RelWithDebInfo|Win32
		{2A9C2591-0C9A-4FA3-B37C-79202446A785}.Debug|Win32.ActiveCfg = Debug|Win32
		{2A9C2591-0C9A-4FA3-B37C-79202446A785}.Debug|Win32.Build.0 = Debug|Win32
		{2A9C2591-0C9A-4FA3-B37C-79202446A785}.Release|Win32.ActiveCfg = Release|Win32
		{2A9C2591-0C9A-4FA3-B37C-79202446A785}.Release|Win32.Build.0 = Release|Win32
		{2A9C2591-0C9A-4FA3-B37C-79202446A785}.MinSizeRel|Win32.ActiveCfg = MinSizeRel|Win32
		{2A9C2591-0C9A-4FA3-B37C-79202446A785}.MinSizeRel|Win32.Build.0 = MinSizeRel|Win32
		{2A9C2591-0C9A-4FA3-B37C-79202446A785}.RelWithDebInfo|Win32.ActiveCfg = RelWithDebInfo|Win32
		{2A9C2591-0C9A-4FA3-B37C-79202446A785}.RelWithDebInfo|Win32.Build.0 = RelWithDebInfo|Win32
		{CE7DFF17-695F-4AEC-BAF6-A7DB26EF0671}.Debug|Win32.ActiveCfg = Debug|Win32
		{CE7DFF17-695F-4AEC-BAF6-A7DB26EF0671}.Debug|Win32.Build.0 = Debug|Win32
		{CE7DFF17-695F-4AEC-BAF6-A7DB26EF0671}.Release|Win32.ActiveCfg = Release|Win32
		{CE7DFF17-695F-4AEC-BAF6-A7DB26EF0671}.Release|Win32.Build.0 = Release|Win32
		{CE7DFF17-695F-4AEC-BAF6-A7DB26EF0671}.MinSizeRel|Win32.ActiveCfg = MinSizeRel|Win32
		{CE7DFF17-695F-4AEC-BAF6-A7DB26EF0671}.MinSizeRel|Win32.Build.0 = MinSizeRel|Win32
		{CE7DFF17-695F-4AEC-BAF6-A7DB26EF0671}.RelWithDebInfo|Win32.ActiveCfg = RelWithDebInfo|Win32
		{CE7DFF17-695F-4AEC-BAF6-A7DB26EF0671}.RelWithDebInfo|Win32.Build.0 = RelWithDebInfo|Win32
		{95C494C3-3A2A-45EB-B300-3ED0331F9A49}.Debug|Win32.ActiveCfg = Debug|Win32
		{95C494C3-3A2A-45EB-B300-3ED0331F9A49}.Debug|Win32.Build.0 = Debug|Win32
		{95C494C3-3A2A-45EB-B300-3ED0331F9A49}.Release|Win32.ActiveCfg = Release|Win32
		{95C494C3-3A2A-45EB-B300-3ED0331F9A49}.Release|Win32.Build.0 = Release|Win32
		{95C494C3-3A2A-45EB-B300-3ED0331F9A49}.MinSizeRel|Win32.ActiveCfg = MinSizeRel|Win32
		{95C494C3-3A2A-45EB-B300-3ED0331F9A49}.MinSizeRel|Win32.Build.0 = MinSizeRel|Win32
		{95C494C3-3A2A-45EB-B300-3ED0331F9A49}.RelWithDebInfo|Win32.ActiveCfg = RelWithDebInfo|Win32
		{95C494C3-3A2A-45EB-B300-3ED0331F9A49}.RelWithDebInfo|Win32.Build.0 = RelWithDebInfo|Win32
		{381CB373-1C37-44D2-9F2F-CD8038EFE445}.Debug|Win32.ActiveCfg = Debug|Win32
		{381CB373-1C37-44D2-9F2F-CD8038EFE445}.Debug|Win32.Build.0 = Debug|Win32
		{381CB373-1C37-44D2-9F2F-CD8038EFE445}.Release|Win32.ActiveCfg = Release|Win32
		{381CB373-1C37-44D2-9F2F-CD8038EFE445}.Release|Win32.Build.0 = Release|Win32
		{381CB373-1C37-44D2-9F2F-CD8038EFE445}.MinSizeRel|Win32.ActiveCfg = MinSizeRel|Win32
		{381CB373-1C37-44D2-9F2F-CD8038EFE445}.MinSizeRel|Win32.Build.0 = MinSizeRel|Win32
		{381CB373-1C37-44D2-9F2F-CD8038EFE445}.RelWithDebInfo|Win32.ActiveCfg = RelWithDebInfo|Win32
		{381CB373-1C37-44D2-9F2F-CD8038EFE445}.RelWithDebInfo|Win32.Build.0 = RelWithDebInfo|Win32
		{54D4BD11-0A4F-4845-B5BF-66D55084C4E4}.Debug|Win32.ActiveCfg = Debug|Win32
		{54D4BD11-0A4F-4845-B5BF-66D55084C4E4}.Debug|Win32.Build.0 = Debug|Win32
		{54D4BD11-0A4F-4845-B5BF-66D55084C4E4}.Release|Win32.ActiveCfg = Release|Win32
		{54D4BD11-0A4F-4845-B5BF-66D55084C4E4}.Release|Win32.Build.0 = Release|Win32
		{54D4BD11-0A4F-4845-B5BF-66D55084C4E4}.MinSizeRel|Win32.ActiveCfg = MinSizeRel|Win32
		{54D4BD11-0A4F-4845-B5BF-66D55084C4E4}.MinSizeRel|Win32.Build.0 = MinSizeRel|Win32
		{54D4BD11-0A4F-4845-B5BF-66D55084C4E4}.RelWithDebInfo|Win32.ActiveCfg = RelWithDebInfo|Win32
		{54D4BD11-0A4F-4845-B5BF-66D55084C4E4}.RelWithDebInfo|Win32.Build.0 = RelWithDebInfo|Win32
		{C60D7B54-BA34-44D2-9306-3BE390AD4779}.Debug|Win32.ActiveCfg = Debug|Win32
		{C60D7B54-BA34-44D2-9306-3BE390AD4779}.Debug|Win32.Build.0 = Debug|Win32
		{C60D7B54-BA34-44D2-9306-3BE390AD4779}.Release|Win32.ActiveCfg = Release|Win32
		{C60D7B54-BA34-44D2-9306-3BE390AD4779}.Release|Win32.Build.0 = Release|Win32
		{C60D7B54-BA34-44D2-9306-3BE390AD4779}.MinSizeRel|Win32.ActiveCfg = MinSizeRel|Win32
		{C60D7B54-BA34-44D2-9306-3BE390AD4779}.MinSizeRel|Win32.Build.0 = MinSizeRel|Win32
		{C60D7B54-BA34-44D2-9306-3BE390AD4779}.RelWithDebInfo|Win32.ActiveCfg = RelWithDebInfo|Win32
		{C60D7B54-BA34-44D2-9306-3BE390AD4779}.RelWithDebInfo|Win32.Build.0 = RelWithDebInfo|Win32
		{2BA038A0-1D03-447E-B7D8-6C414096DD53}.Debug|Win32.ActiveCfg = Debug|Win32
		{2BA038A0-1D03-447E-B7D8-6C414096DD53}.Debug|Win32.Build.0 = Debug|Win32
		{2BA038A0-1D03-447E-B7D8-6C414096DD53}.Release|Win32.ActiveCfg = Release|Win32
		{2BA038A0-1D03-447E-B7D8-6C414096DD53}.Release|Win32.Build.0 = Release|Win32
		{2BA038A0-1D03-447E-B7D8-6C414096DD53}.MinSizeRel|Win32.ActiveCfg = MinSizeRel|Win32
		{2BA038A0-1D03-447E-B7D8-6C414096DD53}.MinSizeRel|Win32.Build.0 = MinSizeRel|Win32
		{2BA038A0-1D03-447E-B7D8-6C414096DD53}.RelWithDebInfo|Win32.ActiveCfg = RelWithDebInfo|Win32
		{2BA038A0-1D03-447E-B7D8-6C414096DD53}.RelWithDebInfo|Win32.Build.0 = RelWithDebInfo|Win32
		{1FB9328E-9FF1-4BC5-9895-E1B67D388212}.Debug|Win32.ActiveCfg = Debug|Win32
		{1FB9328E-9FF1-4BC5-9895-E1B67D388212}.Debug|Win32.Build.0 = Debug|Win32
		{1FB9328E-9FF1-4BC5-9895-E1B67D388212}.Release|Win32.ActiveCfg = Release|Win32
		{1FB9328E-9FF1-4BC5-9895-E1B67D388212}.Release|Win32.Build.0 = Release|Win32
		{1FB9328E-9FF1-4BC5-9895-E1B67D388212}.MinSizeRel|Win32.ActiveCfg = MinSizeRel|Win32
		{1FB9328E-9FF1-4BC5-9895-E1B67D388212}.MinSizeRel|Win32.Build.0 = MinSizeRel|Win32
		{1FB9328E-9FF1-4BC5-9895-E1B67D388212}.RelWithDebInfo|Win32.ActiveCfg = RelWithDebInfo|Win32
		{1FB9328E-9FF1-4BC5-9895-E1B67D388212}.RelWithDebInfo|Win32.Build.0 = RelWithDebInfo|Win32
		{3DE84534-F632-46D4-9D37-DB8306C2B180}.Debug|Win32.ActiveCfg = Debug|Win32
		{3DE84534-F632-46D4-9D37-DB8306C2B180}.Debug|Win32.Build.0 = Debug|Win32
		{3DE84534-F632-46D4-9D37-DB8306C2B180}.Release|Win32.ActiveCfg = Release|Win32
		{3DE84534-F632-46D4-9D37-DB8306C2B180}.Release|Win32.Build.0 = Release|Win32
		{3DE84534-F632-46D4-9D37-DB8306C2B180}.MinSizeRel|Win32.ActiveCfg = MinSizeRel|Win32
		{3DE84534-F632-46D4-9D37-DB8306C2B180}.MinSizeRel|Win32.Build.0 = MinSizeRel|Win32
		{3DE84534-F632-46D4-9D37-DB8306C2B180}.RelWithDebInfo|Win32.ActiveCfg = RelWithDebInfo|Win32
		{3DE84534-F632-46D4-9D37-DB8306C2B180}.RelWithDebInfo|Win32.Build.0 = RelWithDebInfo|Win32
		{7B0CEEF8-414D-4973-ADC3-4189F522A98C}.Debug|Win32.ActiveCfg = Debug|Win32
		{7B0CEEF8-414D-4973-ADC3-4189F522A98C}.Debug|Win32.Build.0 = Debug|Win32
		{7B0CEEF8-414D-4973-ADC3-4189F522A98C}.Release|Win32.ActiveCfg = Release|Win32
		{7B0CEEF8-414D-4973-ADC3-4189F522A98C}.Release|Win32.Build.0 = Release|Win32
		{7B0CEEF8-414D-4973-ADC3-4189F522A98C}.MinSizeRel|Win32.ActiveCfg = MinSizeRel|Win32
		{7B0CEEF8-414D-4973-ADC3-4189F522A98C}.MinSizeRel|Win32.Build.0 = MinSizeRel|Win32
		{7B0CEEF8-414D-4973-ADC3-4189F522A98C}.RelWithDebInfo|Win32.ActiveCfg = RelWithDebInfo|Win32
		{7B0CEEF8-414D-4973-ADC3-4189F522A98C}.RelWithDebInfo|Win32.Build.0 = RelWithDebInfo|Win32
		{D5F98138-137B-4A8F-9E42-A9FF829217D1}.Debug|Win32.ActiveCfg = Debug|Win32
		{D5F98138-137B-4A8F-9E42-A9FF829217D1}.Debug|Win32.Build.0 = Debug|Win32
		{D5F98138-137B-4A8F-9E42-A9FF829217D1}.Release|Win32.ActiveCfg = Release|Win32
		{D5F98138-137B-4A8F-9E42-A9FF829217D1}.Release|Win32.Build.0 = Release|Win32
		{D5F98138-137B-4A8F-9E42-A9FF829217D1}.MinSizeRel|Win32.ActiveCfg = MinSizeRel|Win32
		{D5F98138-137B-4A8F-9E42-A9FF829217D1}.MinSizeRel|Win32.Build.0 = MinSizeRel|Win32
		{D5F98138-137B-4A8F-9E42-A9FF829217D1}.RelWithDebInfo|Win32.ActiveCfg = RelWithDebInfo|Win32
		{D5F98138-137B-4A8F-9E42-A9FF829217D1}.RelWithDebInfo|Win32.Build.0 = RelWithDebInfo|Win32
		{91921575-FEC9-476F-93AC-31841B104C74}.Debug|Win32.ActiveCfg = Debug|Win32
		{91921575-FEC9-476F-93AC-31841B104C74}.Debug|Win32.Build.0 = Debug|Win32
		{91921575-FEC9-476F-93AC-31841B104C74}.Release|Win32.ActiveCfg = Release|Win32
		{91921575-FEC9-476F-93AC-31841B104C74}.Release|Win32.Build.0 = Release|Win32
		{91921575-FEC9-476F-93AC-31841B104C74}.MinSizeRel|Win32.ActiveCfg = MinSizeRel|Win32
		{91921575-FEC9-476F-93AC-31841B104C74}.MinSizeRel|Win32.Build.0 = MinSizeRel|Win32
		{91921575-FEC9-476F-93AC-31841B104C74}.RelWithDebInfo|Win32.ActiveCfg = RelWithDebInfo|Win32
		{91921575-FEC9-476F-93AC-31841B104C74}.RelWithDebInfo|Win32.Build.0 = RelWithDebInfo|Win32
	EndGlobalSection
	GlobalSection(ExtensibilityGlobals) = postSolution
	EndGlobalSection
	GlobalSection(ExtensibilityAddIns) = postSolution
	EndGlobalSection
EndGlobal
